
Microsoft Visual Studio Solution File, Format Version 12.00
# Visual Studio Version 17
VisualStudioVersion = 17.13.35806.99 d17.13
MinimumVisualStudioVersion = 10.0.40219.1
Project("{FAE04EC0-301F-11D3-BF4B-00C04F79EFBC}") = "SmartFactory.Models", "SmartFactory.Models\SmartFactory.Models.csproj", "{A156E7E6-F701-4008-A950-56ECE52759B5}"
EndProject
Project("{FAE04EC0-301F-11D3-BF4B-00C04F79EFBC}") = "SmartFactory.Data", "SmartFactory.Data\SmartFactory.Data.csproj", "{81CB4A97-5C78-4570-8FFB-F67F06C4C241}"
EndProject
Project("{FAE04EC0-301F-11D3-BF4B-00C04F79EFBC}") = "SmartFactory.Soap", "SmartFactory.Soap\SmartFactory.Soap.csproj", "{3C5E1F12-AA5A-4E9E-907C-E36A78ECE62C}"
EndProject
Project("{FAE04EC0-301F-11D3-BF4B-00C04F79EFBC}") = "SmartFactory.API", "SmartFactory.API\SmartFactory.API.csproj", "{0ACFCF59-254B-4BC0-96E5-46E09B977F8C}"
EndProject
Global
	GlobalSection(SolutionConfigurationPlatforms) = preSolution
		Debug|Any CPU = Debug|Any CPU
		Release|Any CPU = Release|Any CPU
	EndGlobalSection
	GlobalSection(ProjectConfigurationPlatforms) = postSolution
		{A156E7E6-F701-4008-A950-56ECE52759B5}.Debug|Any CPU.ActiveCfg = Debug|Any CPU
		{A156E7E6-F701-4008-A950-56ECE52759B5}.Debug|Any CPU.Build.0 = Debug|Any CPU
		{A156E7E6-F701-4008-A950-56ECE52759B5}.Release|Any CPU.ActiveCfg = Release|Any CPU
		{A156E7E6-F701-4008-A950-56ECE52759B5}.Release|Any CPU.Build.0 = Release|Any CPU
		{81CB4A97-5C78-4570-8FFB-F67F06C4C241}.Debug|Any CPU.ActiveCfg = Debug|Any CPU
		{81CB4A97-5C78-4570-8FFB-F67F06C4C241}.Debug|Any CPU.Build.0 = Debug|Any CPU
		{81CB4A97-5C78-4570-8FFB-F67F06C4C241}.Release|Any CPU.ActiveCfg = Release|Any CPU
		{81CB4A97-5C78-4570-8FFB-F67F06C4C241}.Release|Any CPU.Build.0 = Release|Any CPU
		{3C5E1F12-AA5A-4E9E-907C-E36A78ECE62C}.Debug|Any CPU.ActiveCfg = Debug|Any CPU
		{3C5E1F12-AA5A-4E9E-907C-E36A78ECE62C}.Debug|Any CPU.Build.0 = Debug|Any CPU
		{3C5E1F12-AA5A-4E9E-907C-E36A78ECE62C}.Release|Any CPU.ActiveCfg = Release|Any CPU
		{3C5E1F12-AA5A-4E9E-907C-E36A78ECE62C}.Release|Any CPU.Build.0 = Release|Any CPU
		{0ACFCF59-254B-4BC0-96E5-46E09B977F8C}.Debug|Any CPU.ActiveCfg = Debug|Any CPU
		{0ACFCF59-254B-4BC0-96E5-46E09B977F8C}.Debug|Any CPU.Build.0 = Debug|Any CPU
		{0ACFCF59-254B-4BC0-96E5-46E09B977F8C}.Release|Any CPU.ActiveCfg = Release|Any CPU
		{0ACFCF59-254B-4BC0-96E5-46E09B977F8C}.Release|Any CPU.Build.0 = Release|Any CPU
	EndGlobalSection
	GlobalSection(SolutionProperties) = preSolution
		HideSolutionNode = FALSE
	EndGlobalSection
	GlobalSection(ExtensibilityGlobals) = postSolution
		SolutionGuid = {9BE51FA5-E840-44DD-9D8A-2F9C50FFF69F}
	EndGlobalSection
EndGlobal
